
Microsoft Visual Studio Solution File, Format Version 12.00
# Visual Studio Version 17
VisualStudioVersion = 17.0.31903.59
MinimumVisualStudioVersion = 10.0.40219.1
Project("{2150E333-8FDC-42A3-9474-1A3956D46DE8}") = "src", "src", "{827E0CD3-B72D-47B6-A68D-7590B98EB39B}"
EndProject
Project("{FAE04EC0-301F-11D3-BF4B-00C04F79EFBC}") = "MeshPrep.Core", "src\MeshPrep.Core\MeshPrep.Core.csproj", "{E075A2F8-CC62-491D-BF3E-CA52EF7C5BE7}"
EndProject
Project("{FAE04EC0-301F-11D3-BF4B-00C04F79EFBC}") = "MeshPrep.FilterScriptCreator", "src\MeshPrep.FilterScriptCreator\MeshPrep.FilterScriptCreator.csproj", "{4D8E6365-8100-4C04-953F-3FAD36F1DB22}"
EndProject
Project("{FAE04EC0-301F-11D3-BF4B-00C04F79EFBC}") = "MeshPrep.ModelFixer", "src\MeshPrep.ModelFixer\MeshPrep.ModelFixer.csproj", "{83291AB3-B698-47C0-A6AE-AA9824BAA2C4}"
EndProject
Project("{2150E333-8FDC-42A3-9474-1A3956D46DE8}") = "tests", "tests", "{0AB3BF05-4346-4AA6-1389-037BE0695223}"
EndProject
Project("{FAE04EC0-301F-11D3-BF4B-00C04F79EFBC}") = "MeshPrep.Tests", "tests\MeshPrep.Tests\MeshPrep.Tests.csproj", "{344934C0-ABE6-41C3-9348-DC23251AE939}"
EndProject
Project("{2150E333-8FDC-42A3-9474-1A3956D46DE8}") = "POC", "POC", "{B88303EC-EC4A-8588-6E7B-A69335798180}"
EndProject
Project("{FAE04EC0-301F-11D3-BF4B-00C04F79EFBC}") = "MeshPrep.POC.FormatImport", "src\POC\MeshPrep.POC.FormatImport\MeshPrep.POC.FormatImport.csproj", "{62D8A9AB-2E55-4263-9B0F-A71927C6E548}"
EndProject
Project("{FAE04EC0-301F-11D3-BF4B-00C04F79EFBC}") = "MeshPrep.POC.Fingerprint", "src\POC\MeshPrep.POC.Fingerprint\MeshPrep.POC.Fingerprint.csproj", "{7B240401-A541-40CC-BD5B-540CE5729468}"
EndProject
Project("{FAE04EC0-301F-11D3-BF4B-00C04F79EFBC}") = "MeshPrep.POC.SlicerIntegration", "src\POC\MeshPrep.POC.SlicerIntegration\MeshPrep.POC.SlicerIntegration.csproj", "{BA98918B-6F0B-49C7-AC43-EAD91B52AE40}"
EndProject
Project("{FAE04EC0-301F-11D3-BF4B-00C04F79EFBC}") = "MeshPrep.POC.Preview", "src\POC\MeshPrep.POC.Preview\MeshPrep.POC.Preview.csproj", "{395C659A-455D-4A69-A4F2-D44DA4B91399}"
EndProject
Project("{FAE04EC0-301F-11D3-BF4B-00C04F79EFBC}") = "MeshPrep.POC.MeshRepair", "src\POC\MeshPrep.POC.MeshRepair\MeshPrep.POC.MeshRepair.csproj", "{609AD1FE-599F-46D8-B1B3-E2EC8BFE2908}"
EndProject
Project("{FAE04EC0-301F-11D3-BF4B-00C04F79EFBC}") = "MeshPrep.POC.GeometryComparison", "src\POC\MeshPrep.POC.GeometryComparison\MeshPrep.POC.GeometryComparison.csproj", "{2CEC153A-A82C-4E99-9B65-3C5A2F4AC4CC}"
EndProject
Project("{FAE04EC0-301F-11D3-BF4B-00C04F79EFBC}") = "MeshPrep.POC.RLPipeline", "src\POC\MeshPrep.POC.RLPipeline\MeshPrep.POC.RLPipeline.csproj", "{409F57CC-AA60-4303-A335-843B5D8F7F08}"
EndProject
Global
	GlobalSection(SolutionConfigurationPlatforms) = preSolution
		Debug|Any CPU = Debug|Any CPU
		Debug|x64 = Debug|x64
		Debug|x86 = Debug|x86
		Release|Any CPU = Release|Any CPU
		Release|x64 = Release|x64
		Release|x86 = Release|x86
	EndGlobalSection
	GlobalSection(ProjectConfigurationPlatforms) = postSolution
		{E075A2F8-CC62-491D-BF3E-CA52EF7C5BE7}.Debug|Any CPU.ActiveCfg = Debug|Any CPU
		{E075A2F8-CC62-491D-BF3E-CA52EF7C5BE7}.Debug|Any CPU.Build.0 = Debug|Any CPU
		{E075A2F8-CC62-491D-BF3E-CA52EF7C5BE7}.Debug|x64.ActiveCfg = Debug|Any CPU
		{E075A2F8-CC62-491D-BF3E-CA52EF7C5BE7}.Debug|x64.Build.0 = Debug|Any CPU
		{E075A2F8-CC62-491D-BF3E-CA52EF7C5BE7}.Debug|x86.ActiveCfg = Debug|Any CPU
		{E075A2F8-CC62-491D-BF3E-CA52EF7C5BE7}.Debug|x86.Build.0 = Debug|Any CPU
		{E075A2F8-CC62-491D-BF3E-CA52EF7C5BE7}.Release|Any CPU.ActiveCfg = Release|Any CPU
		{E075A2F8-CC62-491D-BF3E-CA52EF7C5BE7}.Release|Any CPU.Build.0 = Release|Any CPU
		{E075A2F8-CC62-491D-BF3E-CA52EF7C5BE7}.Release|x64.ActiveCfg = Release|Any CPU
		{E075A2F8-CC62-491D-BF3E-CA52EF7C5BE7}.Release|x64.Build.0 = Release|Any CPU
		{E075A2F8-CC62-491D-BF3E-CA52EF7C5BE7}.Release|x86.ActiveCfg = Release|Any CPU
		{E075A2F8-CC62-491D-BF3E-CA52EF7C5BE7}.Release|x86.Build.0 = Release|Any CPU
		{4D8E6365-8100-4C04-953F-3FAD36F1DB22}.Debug|Any CPU.ActiveCfg = Debug|Any CPU
		{4D8E6365-8100-4C04-953F-3FAD36F1DB22}.Debug|Any CPU.Build.0 = Debug|Any CPU
		{4D8E6365-8100-4C04-953F-3FAD36F1DB22}.Debug|x64.ActiveCfg = Debug|Any CPU
		{4D8E6365-8100-4C04-953F-3FAD36F1DB22}.Debug|x64.Build.0 = Debug|Any CPU
		{4D8E6365-8100-4C04-953F-3FAD36F1DB22}.Debug|x86.ActiveCfg = Debug|Any CPU
		{4D8E6365-8100-4C04-953F-3FAD36F1DB22}.Debug|x86.Build.0 = Debug|Any CPU
		{4D8E6365-8100-4C04-953F-3FAD36F1DB22}.Release|Any CPU.ActiveCfg = Release|Any CPU
		{4D8E6365-8100-4C04-953F-3FAD36F1DB22}.Release|Any CPU.Build.0 = Release|Any CPU
		{4D8E6365-8100-4C04-953F-3FAD36F1DB22}.Release|x64.ActiveCfg = Release|Any CPU
		{4D8E6365-8100-4C04-953F-3FAD36F1DB22}.Release|x64.Build.0 = Release|Any CPU
		{4D8E6365-8100-4C04-953F-3FAD36F1DB22}.Release|x86.ActiveCfg = Release|Any CPU
		{4D8E6365-8100-4C04-953F-3FAD36F1DB22}.Release|x86.Build.0 = Release|Any CPU
		{83291AB3-B698-47C0-A6AE-AA9824BAA2C4}.Debug|Any CPU.ActiveCfg = Debug|Any CPU
		{83291AB3-B698-47C0-A6AE-AA9824BAA2C4}.Debug|Any CPU.Build.0 = Debug|Any CPU
		{83291AB3-B698-47C0-A6AE-AA9824BAA2C4}.Debug|x64.ActiveCfg = Debug|Any CPU
		{83291AB3-B698-47C0-A6AE-AA9824BAA2C4}.Debug|x64.Build.0 = Debug|Any CPU
		{83291AB3-B698-47C0-A6AE-AA9824BAA2C4}.Debug|x86.ActiveCfg = Debug|Any CPU
		{83291AB3-B698-47C0-A6AE-AA9824BAA2C4}.Debug|x86.Build.0 = Debug|Any CPU
		{83291AB3-B698-47C0-A6AE-AA9824BAA2C4}.Release|Any CPU.ActiveCfg = Release|Any CPU
		{83291AB3-B698-47C0-A6AE-AA9824BAA2C4}.Release|Any CPU.Build.0 = Release|Any CPU
		{83291AB3-B698-47C0-A6AE-AA9824BAA2C4}.Release|x64.ActiveCfg = Release|Any CPU
		{83291AB3-B698-47C0-A6AE-AA9824BAA2C4}.Release|x64.Build.0 = Release|Any CPU
		{83291AB3-B698-47C0-A6AE-AA9824BAA2C4}.Release|x86.ActiveCfg = Release|Any CPU
		{83291AB3-B698-47C0-A6AE-AA9824BAA2C4}.Release|x86.Build.0 = Release|Any CPU
		{344934C0-ABE6-41C3-9348-DC23251AE939}.Debug|Any CPU.ActiveCfg = Debug|Any CPU
		{344934C0-ABE6-41C3-9348-DC23251AE939}.Debug|Any CPU.Build.0 = Debug|Any CPU
		{344934C0-ABE6-41C3-9348-DC23251AE939}.Debug|x64.ActiveCfg = Debug|Any CPU
		{344934C0-ABE6-41C3-9348-DC23251AE939}.Debug|x64.Build.0 = Debug|Any CPU
		{344934C0-ABE6-41C3-9348-DC23251AE939}.Debug|x86.ActiveCfg = Debug|Any CPU
		{344934C0-ABE6-41C3-9348-DC23251AE939}.Debug|x86.Build.0 = Debug|Any CPU
		{344934C0-ABE6-41C3-9348-DC23251AE939}.Release|Any CPU.ActiveCfg = Release|Any CPU
		{344934C0-ABE6-41C3-9348-DC23251AE939}.Release|Any CPU.Build.0 = Release|Any CPU
		{344934C0-ABE6-41C3-9348-DC23251AE939}.Release|x64.ActiveCfg = Release|Any CPU
		{344934C0-ABE6-41C3-9348-DC23251AE939}.Release|x64.Build.0 = Release|Any CPU
		{344934C0-ABE6-41C3-9348-DC23251AE939}.Release|x86.ActiveCfg = Release|Any CPU
		{344934C0-ABE6-41C3-9348-DC23251AE939}.Release|x86.Build.0 = Release|Any CPU
		{62D8A9AB-2E55-4263-9B0F-A71927C6E548}.Debug|Any CPU.ActiveCfg = Debug|Any CPU
		{62D8A9AB-2E55-4263-9B0F-A71927C6E548}.Debug|Any CPU.Build.0 = Debug|Any CPU
		{62D8A9AB-2E55-4263-9B0F-A71927C6E548}.Debug|x64.ActiveCfg = Debug|Any CPU
		{62D8A9AB-2E55-4263-9B0F-A71927C6E548}.Debug|x64.Build.0 = Debug|Any CPU
		{62D8A9AB-2E55-4263-9B0F-A71927C6E548}.Debug|x86.ActiveCfg = Debug|Any CPU
		{62D8A9AB-2E55-4263-9B0F-A71927C6E548}.Debug|x86.Build.0 = Debug|Any CPU
		{62D8A9AB-2E55-4263-9B0F-A71927C6E548}.Release|Any CPU.ActiveCfg = Release|Any CPU
		{62D8A9AB-2E55-4263-9B0F-A71927C6E548}.Release|Any CPU.Build.0 = Release|Any CPU
		{62D8A9AB-2E55-4263-9B0F-A71927C6E548}.Release|x64.ActiveCfg = Release|Any CPU
		{62D8A9AB-2E55-4263-9B0F-A71927C6E548}.Release|x64.Build.0 = Release|Any CPU
		{62D8A9AB-2E55-4263-9B0F-A71927C6E548}.Release|x86.ActiveCfg = Release|Any CPU
		{62D8A9AB-2E55-4263-9B0F-A71927C6E548}.Release|x86.Build.0 = Release|Any CPU
		{7B240401-A541-40CC-BD5B-540CE5729468}.Debug|Any CPU.ActiveCfg = Debug|Any CPU
		{7B240401-A541-40CC-BD5B-540CE5729468}.Debug|Any CPU.Build.0 = Debug|Any CPU
		{7B240401-A541-40CC-BD5B-540CE5729468}.Debug|x64.ActiveCfg = Debug|Any CPU
		{7B240401-A541-40CC-BD5B-540CE5729468}.Debug|x64.Build.0 = Debug|Any CPU
		{7B240401-A541-40CC-BD5B-540CE5729468}.Debug|x86.ActiveCfg = Debug|Any CPU
		{7B240401-A541-40CC-BD5B-540CE5729468}.Debug|x86.Build.0 = Debug|Any CPU
		{7B240401-A541-40CC-BD5B-540CE5729468}.Release|Any CPU.ActiveCfg = Release|Any CPU
		{7B240401-A541-40CC-BD5B-540CE5729468}.Release|Any CPU.Build.0 = Release|Any CPU
		{7B240401-A541-40CC-BD5B-540CE5729468}.Release|x64.ActiveCfg = Release|Any CPU
		{7B240401-A541-40CC-BD5B-540CE5729468}.Release|x64.Build.0 = Release|Any CPU
		{7B240401-A541-40CC-BD5B-540CE5729468}.Release|x86.ActiveCfg = Release|Any CPU
		{7B240401-A541-40CC-BD5B-540CE5729468}.Release|x86.Build.0 = Release|Any CPU
		{BA98918B-6F0B-49C7-AC43-EAD91B52AE40}.Debug|Any CPU.ActiveCfg = Debug|Any CPU
		{BA98918B-6F0B-49C7-AC43-EAD91B52AE40}.Debug|Any CPU.Build.0 = Debug|Any CPU
		{BA98918B-6F0B-49C7-AC43-EAD91B52AE40}.Debug|x64.ActiveCfg = Debug|Any CPU
		{BA98918B-6F0B-49C7-AC43-EAD91B52AE40}.Debug|x64.Build.0 = Debug|Any CPU
		{BA98918B-6F0B-49C7-AC43-EAD91B52AE40}.Debug|x86.ActiveCfg = Debug|Any CPU
		{BA98918B-6F0B-49C7-AC43-EAD91B52AE40}.Debug|x86.Build.0 = Debug|Any CPU
		{BA98918B-6F0B-49C7-AC43-EAD91B52AE40}.Release|Any CPU.ActiveCfg = Release|Any CPU
		{BA98918B-6F0B-49C7-AC43-EAD91B52AE40}.Release|Any CPU.Build.0 = Release|Any CPU
		{BA98918B-6F0B-49C7-AC43-EAD91B52AE40}.Release|x64.ActiveCfg = Release|Any CPU
		{BA98918B-6F0B-49C7-AC43-EAD91B52AE40}.Release|x64.Build.0 = Release|Any CPU
		{BA98918B-6F0B-49C7-AC43-EAD91B52AE40}.Release|x86.ActiveCfg = Release|Any CPU
		{BA98918B-6F0B-49C7-AC43-EAD91B52AE40}.Release|x86.Build.0 = Release|Any CPU
		{395C659A-455D-4A69-A4F2-D44DA4B91399}.Debug|Any CPU.ActiveCfg = Debug|Any CPU
		{395C659A-455D-4A69-A4F2-D44DA4B91399}.Debug|Any CPU.Build.0 = Debug|Any CPU
		{395C659A-455D-4A69-A4F2-D44DA4B91399}.Debug|x64.ActiveCfg = Debug|Any CPU
		{395C659A-455D-4A69-A4F2-D44DA4B91399}.Debug|x64.Build.0 = Debug|Any CPU
		{395C659A-455D-4A69-A4F2-D44DA4B91399}.Debug|x86.ActiveCfg = Debug|Any CPU
		{395C659A-455D-4A69-A4F2-D44DA4B91399}.Debug|x86.Build.0 = Debug|Any CPU
		{395C659A-455D-4A69-A4F2-D44DA4B91399}.Release|Any CPU.ActiveCfg = Release|Any CPU
		{395C659A-455D-4A69-A4F2-D44DA4B91399}.Release|Any CPU.Build.0 = Release|Any CPU
		{395C659A-455D-4A69-A4F2-D44DA4B91399}.Release|x64.ActiveCfg = Release|Any CPU
		{395C659A-455D-4A69-A4F2-D44DA4B91399}.Release|x64.Build.0 = Release|Any CPU
		{395C659A-455D-4A69-A4F2-D44DA4B91399}.Release|x86.ActiveCfg = Release|Any CPU
		{395C659A-455D-4A69-A4F2-D44DA4B91399}.Release|x86.Build.0 = Release|Any CPU
		{609AD1FE-599F-46D8-B1B3-E2EC8BFE2908}.Debug|Any CPU.ActiveCfg = Debug|Any CPU
		{609AD1FE-599F-46D8-B1B3-E2EC8BFE2908}.Debug|Any CPU.Build.0 = Debug|Any CPU
		{609AD1FE-599F-46D8-B1B3-E2EC8BFE2908}.Debug|x64.ActiveCfg = Debug|Any CPU
		{609AD1FE-599F-46D8-B1B3-E2EC8BFE2908}.Debug|x64.Build.0 = Debug|Any CPU
		{609AD1FE-599F-46D8-B1B3-E2EC8BFE2908}.Debug|x86.ActiveCfg = Debug|Any CPU
		{609AD1FE-599F-46D8-B1B3-E2EC8BFE2908}.Debug|x86.Build.0 = Debug|Any CPU
		{609AD1FE-599F-46D8-B1B3-E2EC8BFE2908}.Release|Any CPU.ActiveCfg = Release|Any CPU
		{609AD1FE-599F-46D8-B1B3-E2EC8BFE2908}.Release|Any CPU.Build.0 = Release|Any CPU
		{609AD1FE-599F-46D8-B1B3-E2EC8BFE2908}.Release|x64.ActiveCfg = Release|Any CPU
		{609AD1FE-599F-46D8-B1B3-E2EC8BFE2908}.Release|x64.Build.0 = Release|Any CPU
		{609AD1FE-599F-46D8-B1B3-E2EC8BFE2908}.Release|x86.ActiveCfg = Release|Any CPU
		{609AD1FE-599F-46D8-B1B3-E2EC8BFE2908}.Release|x86.Build.0 = Release|Any CPU
		{2CEC153A-A82C-4E99-9B65-3C5A2F4AC4CC}.Debug|Any CPU.ActiveCfg = Debug|Any CPU
		{2CEC153A-A82C-4E99-9B65-3C5A2F4AC4CC}.Debug|Any CPU.Build.0 = Debug|Any CPU
		{2CEC153A-A82C-4E99-9B65-3C5A2F4AC4CC}.Debug|x64.ActiveCfg = Debug|Any CPU
		{2CEC153A-A82C-4E99-9B65-3C5A2F4AC4CC}.Debug|x64.Build.0 = Debug|Any CPU
		{2CEC153A-A82C-4E99-9B65-3C5A2F4AC4CC}.Debug|x86.ActiveCfg = Debug|Any CPU
		{2CEC153A-A82C-4E99-9B65-3C5A2F4AC4CC}.Debug|x86.Build.0 = Debug|Any CPU
		{2CEC153A-A82C-4E99-9B65-3C5A2F4AC4CC}.Release|Any CPU.ActiveCfg = Release|Any CPU
		{2CEC153A-A82C-4E99-9B65-3C5A2F4AC4CC}.Release|Any CPU.Build.0 = Release|Any CPU
		{2CEC153A-A82C-4E99-9B65-3C5A2F4AC4CC}.Release|x64.ActiveCfg = Release|Any CPU
		{2CEC153A-A82C-4E99-9B65-3C5A2F4AC4CC}.Release|x64.Build.0 = Release|Any CPU
		{2CEC153A-A82C-4E99-9B65-3C5A2F4AC4CC}.Release|x86.ActiveCfg = Release|Any CPU
		{2CEC153A-A82C-4E99-9B65-3C5A2F4AC4CC}.Release|x86.Build.0 = Release|Any CPU
		{409F57CC-AA60-4303-A335-843B5D8F7F08}.Debug|Any CPU.ActiveCfg = Debug|Any CPU
		{409F57CC-AA60-4303-A335-843B5D8F7F08}.Debug|Any CPU.Build.0 = Debug|Any CPU
		{409F57CC-AA60-4303-A335-843B5D8F7F08}.Debug|x64.ActiveCfg = Debug|Any CPU
		{409F57CC-AA60-4303-A335-843B5D8F7F08}.Debug|x64.Build.0 = Debug|Any CPU
		{409F57CC-AA60-4303-A335-843B5D8F7F08}.Debug|x86.ActiveCfg = Debug|Any CPU
		{409F57CC-AA60-4303-A335-843B5D8F7F08}.Debug|x86.Build.0 = Debug|Any CPU
		{409F57CC-AA60-4303-A335-843B5D8F7F08}.Release|Any CPU.ActiveCfg = Release|Any CPU
		{409F57CC-AA60-4303-A335-843B5D8F7F08}.Release|Any CPU.Build.0 = Release|Any CPU
		{409F57CC-AA60-4303-A335-843B5D8F7F08}.Release|x64.ActiveCfg = Release|Any CPU
		{409F57CC-AA60-4303-A335-843B5D8F7F08}.Release|x64.Build.0 = Release|Any CPU
		{409F57CC-AA60-4303-A335-843B5D8F7F08}.Release|x86.ActiveCfg = Release|Any CPU
		{409F57CC-AA60-4303-A335-843B5D8F7F08}.Release|x86.Build.0 = Release|Any CPU
	EndGlobalSection
	GlobalSection(SolutionProperties) = preSolution
		HideSolutionNode = FALSE
	EndGlobalSection
	GlobalSection(NestedProjects) = preSolution
		{E075A2F8-CC62-491D-BF3E-CA52EF7C5BE7} = {827E0CD3-B72D-47B6-A68D-7590B98EB39B}
		{4D8E6365-8100-4C04-953F-3FAD36F1DB22} = {827E0CD3-B72D-47B6-A68D-7590B98EB39B}
		{83291AB3-B698-47C0-A6AE-AA9824BAA2C4} = {827E0CD3-B72D-47B6-A68D-7590B98EB39B}
		{344934C0-ABE6-41C3-9348-DC23251AE939} = {0AB3BF05-4346-4AA6-1389-037BE0695223}
		{B88303EC-EC4A-8588-6E7B-A69335798180} = {827E0CD3-B72D-47B6-A68D-7590B98EB39B}
		{62D8A9AB-2E55-4263-9B0F-A71927C6E548} = {B88303EC-EC4A-8588-6E7B-A69335798180}
		{7B240401-A541-40CC-BD5B-540CE5729468} = {B88303EC-EC4A-8588-6E7B-A69335798180}
		{BA98918B-6F0B-49C7-AC43-EAD91B52AE40} = {B88303EC-EC4A-8588-6E7B-A69335798180}
		{395C659A-455D-4A69-A4F2-D44DA4B91399} = {B88303EC-EC4A-8588-6E7B-A69335798180}
		{609AD1FE-599F-46D8-B1B3-E2EC8BFE2908} = {B88303EC-EC4A-8588-6E7B-A69335798180}
		{2CEC153A-A82C-4E99-9B65-3C5A2F4AC4CC} = {B88303EC-EC4A-8588-6E7B-A69335798180}
		{409F57CC-AA60-4303-A335-843B5D8F7F08} = {B88303EC-EC4A-8588-6E7B-A69335798180}
	EndGlobalSection
EndGlobal
